
Microsoft Visual Studio Solution File, Format Version 12.00
# Visual Studio 15
VisualStudioVersion = 15.0.28307.1082
MinimumVisualStudioVersion = 10.0.40219.1
Project("{FAE04EC0-301F-11D3-BF4B-00C04F79EFBC}") = "StockTradingFormulas", "StockTradingFormulas\StockTradingFormulas.csproj", "{E955ADA8-69BD-4139-98F8-5D93F17EC267}"
EndProject
Project("{FAE04EC0-301F-11D3-BF4B-00C04F79EFBC}") = "CorporateFormula", "CorporateFormula\CorporateFormula.csproj", "{8EF9C170-7BFD-4D57-B2CA-7B691E2A386D}"
EndProject
Project("{FAE04EC0-301F-11D3-BF4B-00C04F79EFBC}") = "StockBonds", "StockBonds\StockBonds.csproj", "{E92D0716-C48A-4262-A722-2050BDDDE646}"
EndProject
Project("{FAE04EC0-301F-11D3-BF4B-00C04F79EFBC}") = "FinancialFormulas", "FinancialFormulas\FinancialFormulas.csproj", "{DEF2F491-CF01-4E32-A06F-C4660DA5B45B}"
EndProject
Global
	GlobalSection(SolutionConfigurationPlatforms) = preSolution
		Debug|Any CPU = Debug|Any CPU
		Release|Any CPU = Release|Any CPU
	EndGlobalSection
	GlobalSection(ProjectConfigurationPlatforms) = postSolution
		{E955ADA8-69BD-4139-98F8-5D93F17EC267}.Debug|Any CPU.ActiveCfg = Debug|Any CPU
		{E955ADA8-69BD-4139-98F8-5D93F17EC267}.Debug|Any CPU.Build.0 = Debug|Any CPU
		{E955ADA8-69BD-4139-98F8-5D93F17EC267}.Release|Any CPU.ActiveCfg = Release|Any CPU
		{E955ADA8-69BD-4139-98F8-5D93F17EC267}.Release|Any CPU.Build.0 = Release|Any CPU
		{8EF9C170-7BFD-4D57-B2CA-7B691E2A386D}.Debug|Any CPU.ActiveCfg = Debug|Any CPU
		{8EF9C170-7BFD-4D57-B2CA-7B691E2A386D}.Debug|Any CPU.Build.0 = Debug|Any CPU
		{8EF9C170-7BFD-4D57-B2CA-7B691E2A386D}.Release|Any CPU.ActiveCfg = Release|Any CPU
		{8EF9C170-7BFD-4D57-B2CA-7B691E2A386D}.Release|Any CPU.Build.0 = Release|Any CPU
		{E92D0716-C48A-4262-A722-2050BDDDE646}.Debug|Any CPU.ActiveCfg = Debug|Any CPU
		{E92D0716-C48A-4262-A722-2050BDDDE646}.Debug|Any CPU.Build.0 = Debug|Any CPU
		{E92D0716-C48A-4262-A722-2050BDDDE646}.Release|Any CPU.ActiveCfg = Release|Any CPU
		{E92D0716-C48A-4262-A722-2050BDDDE646}.Release|Any CPU.Build.0 = Release|Any CPU
		{DEF2F491-CF01-4E32-A06F-C4660DA5B45B}.Debug|Any CPU.ActiveCfg = Debug|Any CPU
		{DEF2F491-CF01-4E32-A06F-C4660DA5B45B}.Debug|Any CPU.Build.0 = Debug|Any CPU
		{DEF2F491-CF01-4E32-A06F-C4660DA5B45B}.Release|Any CPU.ActiveCfg = Release|Any CPU
		{DEF2F491-CF01-4E32-A06F-C4660DA5B45B}.Release|Any CPU.Build.0 = Release|Any CPU
	EndGlobalSection
	GlobalSection(SolutionProperties) = preSolution
		HideSolutionNode = FALSE
	EndGlobalSection
	GlobalSection(ExtensibilityGlobals) = postSolution
		SolutionGuid = {E6F620ED-8086-4682-8A5F-EE3F8776466D}
	EndGlobalSection
EndGlobal
